# This file was autogenerated by uv via the following command:
#    uv pip compile --python-version 3.9 requirements.txt -o requirements.lock
certifi==2026.7.22
    # via requests
charset-normalizer==3.4.9
    # via requests
idna==3.18
    # via requests
paho-mqtt==2.1.0
    # via -r requirements.txt
pillow==11.3.0
    # via -r requirements.txt
requests==2.32.5
    # via -r requirements.txt
urllib3==2.6.3
    # via requests
